
Microsoft Visual Studio Solution File, Format Version 12.00
# Visual Studio Version 17
VisualStudioVersion = 17.10.34928.147
MinimumVisualStudioVersion = 10.0.40219.1
Project("{2150E333-8FDC-42A3-9474-1A3956D46DE8}") = "Solution Items", "Solution Items", "{3104C7E1-4929-438D-BAD2-3C75CF57F4E6}"
	ProjectSection(SolutionItems) = preProject
		.editorconfig = .editorconfig
		Directory.Build.props = Directory.Build.props
	EndProjectSection
EndProject
Project("{2150E333-8FDC-42A3-9474-1A3956D46DE8}") = "src", "src", "{84784D34-96D4-4C5C-AE95-C34A0B8D0958}"
EndProject
Project("{2150E333-8FDC-42A3-9474-1A3956D46DE8}") = "Modules", "Modules", "{2880C7F6-3402-42FF-8082-6A87AC00653A}"
EndProject
Project("{2150E333-8FDC-42A3-9474-1A3956D46DE8}") = "API", "API", "{6BAB591A-3514-425A-A5F2-7E07468B5394}"
EndProject
Project("{9A19103F-16F7-4668-BE54-9A1E7A4F7556}") = "Evently.Api", "src\API\Evently.Api\Evently.Api.csproj", "{4D590BD6-4D17-40D2-BD88-8B120596DC7A}"
EndProject
Project("{2150E333-8FDC-42A3-9474-1A3956D46DE8}") = "Events", "Events", "{4A746CC1-2F02-434A-87D0-ADC603B051DD}"
EndProject
Project("{E53339B2-1760-4266-BCC7-CA923CBCF16C}") = "docker-compose", "docker-compose.dcproj", "{89187803-9E51-4831-9C60-60F2A8801A23}"
EndProject
Project("{9A19103F-16F7-4668-BE54-9A1E7A4F7556}") = "Evently.Modules.Events.Domain", "src\Modules\Events\Evently.Modules.Events.Domain\Evently.Modules.Events.Domain.csproj", "{77AC3465-6263-4086-8792-1A3B430725C6}"
EndProject
Project("{9A19103F-16F7-4668-BE54-9A1E7A4F7556}") = "Evently.Modules.Events.Application", "src\Modules\Events\Evently.Modules.Events.Application\Evently.Modules.Events.Application.csproj", "{97BE1A99-2421-40FD-A34F-1E70628C1B40}"
EndProject
Project("{9A19103F-16F7-4668-BE54-9A1E7A4F7556}") = "Evently.Modules.Events.Infrastructure", "src\Modules\Events\Evently.Modules.Events.Infrastructure\Evently.Modules.Events.Infrastructure.csproj", "{B634E6D6-8CB8-4731-A915-DD48BA026D93}"
EndProject
Project("{9A19103F-16F7-4668-BE54-9A1E7A4F7556}") = "Evently.Modules.Events.Presentation", "src\Modules\Events\Evently.Modules.Events.Presentation\Evently.Modules.Events.Presentation.csproj", "{E49DF223-9751-47E7-8E2B-7AA0F886AC10}"
EndProject
Project("{2150E333-8FDC-42A3-9474-1A3956D46DE8}") = "Common", "Common", "{A608E3AE-EA00-48A8-A88E-8EDE3E37A71F}"
EndProject
Project("{9A19103F-16F7-4668-BE54-9A1E7A4F7556}") = "Evently.Common.Application", "src\Common\Evently.Common.Application\Evently.Common.Application.csproj", "{BB49B6F3-F7F2-4A46-8010-7502D34EF6D5}"
EndProject
Project("{9A19103F-16F7-4668-BE54-9A1E7A4F7556}") = "Evently.Common.Domain", "src\Common\Evently.Common.Domain\Evently.Common.Domain.csproj", "{E17C35FC-64C4-4ACB-8638-1509B3DCF372}"
EndProject
Project("{9A19103F-16F7-4668-BE54-9A1E7A4F7556}") = "Evently.Common.Infrastructure", "src\Common\Evently.Common.Infrastructure\Evently.Common.Infrastructure.csproj", "{DE919C5E-3C48-443C-BDF0-FB5F15B00049}"
EndProject
Project("{9A19103F-16F7-4668-BE54-9A1E7A4F7556}") = "Evently.Common.Presentation", "src\Common\Evently.Common.Presentation\Evently.Common.Presentation.csproj", "{C6B616F7-22C6-4E95-9099-E1BDA9D26F8F}"
EndProject
Project("{2150E333-8FDC-42A3-9474-1A3956D46DE8}") = "Users", "Users", "{788EDE38-965F-45A0-B2F0-CA61DB72814D}"
EndProject
Project("{FAE04EC0-301F-11D3-BF4B-00C04F79EFBC}") = "Evently.Modules.Users.Domain", "src\Modules\Users\Evently.Modules.Users.Domain\Evently.Modules.Users.Domain.csproj", "{5879C112-8124-4E39-82E7-8FD1FA9ED445}"
EndProject
Project("{FAE04EC0-301F-11D3-BF4B-00C04F79EFBC}") = "Evently.Modules.Users.Application", "src\Modules\Users\Evently.Modules.Users.Application\Evently.Modules.Users.Application.csproj", "{CA9AF77C-7D0A-48E0-B2BD-81CEADD8911B}"
EndProject
Project("{FAE04EC0-301F-11D3-BF4B-00C04F79EFBC}") = "Evently.Modules.Users.Infrastructure", "src\Modules\Users\Evently.Modules.Users.Infrastructure\Evently.Modules.Users.Infrastructure.csproj", "{F7991956-BEEE-4261-9969-6FDE823BF447}"
EndProject
Global
	GlobalSection(SolutionConfigurationPlatforms) = preSolution
		Debug|Any CPU = Debug|Any CPU
		Release|Any CPU = Release|Any CPU
	EndGlobalSection
	GlobalSection(ProjectConfigurationPlatforms) = postSolution
		{4D590BD6-4D17-40D2-BD88-8B120596DC7A}.Debug|Any CPU.ActiveCfg = Debug|Any CPU
		{4D590BD6-4D17-40D2-BD88-8B120596DC7A}.Debug|Any CPU.Build.0 = Debug|Any CPU
		{4D590BD6-4D17-40D2-BD88-8B120596DC7A}.Release|Any CPU.ActiveCfg = Release|Any CPU
		{4D590BD6-4D17-40D2-BD88-8B120596DC7A}.Release|Any CPU.Build.0 = Release|Any CPU
		{89187803-9E51-4831-9C60-60F2A8801A23}.Debug|Any CPU.ActiveCfg = Debug|Any CPU
		{89187803-9E51-4831-9C60-60F2A8801A23}.Debug|Any CPU.Build.0 = Debug|Any CPU
		{89187803-9E51-4831-9C60-60F2A8801A23}.Release|Any CPU.ActiveCfg = Release|Any CPU
		{89187803-9E51-4831-9C60-60F2A8801A23}.Release|Any CPU.Build.0 = Release|Any CPU
		{77AC3465-6263-4086-8792-1A3B430725C6}.Debug|Any CPU.ActiveCfg = Debug|Any CPU
		{77AC3465-6263-4086-8792-1A3B430725C6}.Debug|Any CPU.Build.0 = Debug|Any CPU
		{77AC3465-6263-4086-8792-1A3B430725C6}.Release|Any CPU.ActiveCfg = Release|Any CPU
		{77AC3465-6263-4086-8792-1A3B430725C6}.Release|Any CPU.Build.0 = Release|Any CPU
		{97BE1A99-2421-40FD-A34F-1E70628C1B40}.Debug|Any CPU.ActiveCfg = Debug|Any CPU
		{97BE1A99-2421-40FD-A34F-1E70628C1B40}.Debug|Any CPU.Build.0 = Debug|Any CPU
		{97BE1A99-2421-40FD-A34F-1E70628C1B40}.Release|Any CPU.ActiveCfg = Release|Any CPU
		{97BE1A99-2421-40FD-A34F-1E70628C1B40}.Release|Any CPU.Build.0 = Release|Any CPU
		{B634E6D6-8CB8-4731-A915-DD48BA026D93}.Debug|Any CPU.ActiveCfg = Debug|Any CPU
		{B634E6D6-8CB8-4731-A915-DD48BA026D93}.Debug|Any CPU.Build.0 = Debug|Any CPU
		{B634E6D6-8CB8-4731-A915-DD48BA026D93}.Release|Any CPU.ActiveCfg = Release|Any CPU
		{B634E6D6-8CB8-4731-A915-DD48BA026D93}.Release|Any CPU.Build.0 = Release|Any CPU
		{E49DF223-9751-47E7-8E2B-7AA0F886AC10}.Debug|Any CPU.ActiveCfg = Debug|Any CPU
		{E49DF223-9751-47E7-8E2B-7AA0F886AC10}.Debug|Any CPU.Build.0 = Debug|Any CPU
		{E49DF223-9751-47E7-8E2B-7AA0F886AC10}.Release|Any CPU.ActiveCfg = Release|Any CPU
		{E49DF223-9751-47E7-8E2B-7AA0F886AC10}.Release|Any CPU.Build.0 = Release|Any CPU
		{BB49B6F3-F7F2-4A46-8010-7502D34EF6D5}.Debug|Any CPU.ActiveCfg = Debug|Any CPU
		{BB49B6F3-F7F2-4A46-8010-7502D34EF6D5}.Debug|Any CPU.Build.0 = Debug|Any CPU
		{BB49B6F3-F7F2-4A46-8010-7502D34EF6D5}.Release|Any CPU.ActiveCfg = Release|Any CPU
		{BB49B6F3-F7F2-4A46-8010-7502D34EF6D5}.Release|Any CPU.Build.0 = Release|Any CPU
		{E17C35FC-64C4-4ACB-8638-1509B3DCF372}.Debug|Any CPU.ActiveCfg = Debug|Any CPU
		{E17C35FC-64C4-4ACB-8638-1509B3DCF372}.Debug|Any CPU.Build.0 = Debug|Any CPU
		{E17C35FC-64C4-4ACB-8638-1509B3DCF372}.Release|Any CPU.ActiveCfg = Release|Any CPU
		{E17C35FC-64C4-4ACB-8638-1509B3DCF372}.Release|Any CPU.Build.0 = Release|Any CPU
		{DE919C5E-3C48-443C-BDF0-FB5F15B00049}.Debug|Any CPU.ActiveCfg = Debug|Any CPU
		{DE919C5E-3C48-443C-BDF0-FB5F15B00049}.Debug|Any CPU.Build.0 = Debug|Any CPU
		{DE919C5E-3C48-443C-BDF0-FB5F15B00049}.Release|Any CPU.ActiveCfg = Release|Any CPU
		{DE919C5E-3C48-443C-BDF0-FB5F15B00049}.Release|Any CPU.Build.0 = Release|Any CPU
		{C6B616F7-22C6-4E95-9099-E1BDA9D26F8F}.Debug|Any CPU.ActiveCfg = Debug|Any CPU
		{C6B616F7-22C6-4E95-9099-E1BDA9D26F8F}.Debug|Any CPU.Build.0 = Debug|Any CPU
		{C6B616F7-22C6-4E95-9099-E1BDA9D26F8F}.Release|Any CPU.ActiveCfg = Release|Any CPU
		{C6B616F7-22C6-4E95-9099-E1BDA9D26F8F}.Release|Any CPU.Build.0 = Release|Any CPU
		{5879C112-8124-4E39-82E7-8FD1FA9ED445}.Debug|Any CPU.ActiveCfg = Debug|Any CPU
		{5879C112-8124-4E39-82E7-8FD1FA9ED445}.Debug|Any CPU.Build.0 = Debug|Any CPU
		{5879C112-8124-4E39-82E7-8FD1FA9ED445}.Release|Any CPU.ActiveCfg = Release|Any CPU
		{5879C112-8124-4E39-82E7-8FD1FA9ED445}.Release|Any CPU.Build.0 = Release|Any CPU
		{CA9AF77C-7D0A-48E0-B2BD-81CEADD8911B}.Debug|Any CPU.ActiveCfg = Debug|Any CPU
		{CA9AF77C-7D0A-48E0-B2BD-81CEADD8911B}.Debug|Any CPU.Build.0 = Debug|Any CPU
		{CA9AF77C-7D0A-48E0-B2BD-81CEADD8911B}.Release|Any CPU.ActiveCfg = Release|Any CPU
		{CA9AF77C-7D0A-48E0-B2BD-81CEADD8911B}.Release|Any CPU.Build.0 = Release|Any CPU
		{F7991956-BEEE-4261-9969-6FDE823BF447}.Debug|Any CPU.ActiveCfg = Debug|Any CPU
		{F7991956-BEEE-4261-9969-6FDE823BF447}.Debug|Any CPU.Build.0 = Debug|Any CPU
		{F7991956-BEEE-4261-9969-6FDE823BF447}.Release|Any CPU.ActiveCfg = Release|Any CPU
		{F7991956-BEEE-4261-9969-6FDE823BF447}.Release|Any CPU.Build.0 = Release|Any CPU
	EndGlobalSection
	GlobalSection(SolutionProperties) = preSolution
		HideSolutionNode = FALSE
	EndGlobalSection
	GlobalSection(NestedProjects) = preSolution
		{2880C7F6-3402-42FF-8082-6A87AC00653A} = {84784D34-96D4-4C5C-AE95-C34A0B8D0958}
		{6BAB591A-3514-425A-A5F2-7E07468B5394} = {84784D34-96D4-4C5C-AE95-C34A0B8D0958}
		{4D590BD6-4D17-40D2-BD88-8B120596DC7A} = {6BAB591A-3514-425A-A5F2-7E07468B5394}
		{4A746CC1-2F02-434A-87D0-ADC603B051DD} = {2880C7F6-3402-42FF-8082-6A87AC00653A}
		{77AC3465-6263-4086-8792-1A3B430725C6} = {4A746CC1-2F02-434A-87D0-ADC603B051DD}
		{97BE1A99-2421-40FD-A34F-1E70628C1B40} = {4A746CC1-2F02-434A-87D0-ADC603B051DD}
		{B634E6D6-8CB8-4731-A915-DD48BA026D93} = {4A746CC1-2F02-434A-87D0-ADC603B051DD}
		{E49DF223-9751-47E7-8E2B-7AA0F886AC10} = {4A746CC1-2F02-434A-87D0-ADC603B051DD}
		{A608E3AE-EA00-48A8-A88E-8EDE3E37A71F} = {84784D34-96D4-4C5C-AE95-C34A0B8D0958}
		{BB49B6F3-F7F2-4A46-8010-7502D34EF6D5} = {A608E3AE-EA00-48A8-A88E-8EDE3E37A71F}
		{E17C35FC-64C4-4ACB-8638-1509B3DCF372} = {A608E3AE-EA00-48A8-A88E-8EDE3E37A71F}
		{DE919C5E-3C48-443C-BDF0-FB5F15B00049} = {A608E3AE-EA00-48A8-A88E-8EDE3E37A71F}
		{C6B616F7-22C6-4E95-9099-E1BDA9D26F8F} = {A608E3AE-EA00-48A8-A88E-8EDE3E37A71F}
		{788EDE38-965F-45A0-B2F0-CA61DB72814D} = {2880C7F6-3402-42FF-8082-6A87AC00653A}
		{5879C112-8124-4E39-82E7-8FD1FA9ED445} = {788EDE38-965F-45A0-B2F0-CA61DB72814D}
		{CA9AF77C-7D0A-48E0-B2BD-81CEADD8911B} = {788EDE38-965F-45A0-B2F0-CA61DB72814D}
		{F7991956-BEEE-4261-9969-6FDE823BF447} = {788EDE38-965F-45A0-B2F0-CA61DB72814D}
	EndGlobalSection
	GlobalSection(ExtensibilityGlobals) = postSolution
		SolutionGuid = {E1519C7C-AF62-46EA-A819-44BE3AE64560}
	EndGlobalSection
EndGlobal
